
Microsoft Visual Studio Solution File, Format Version 12.00
# Visual Studio 15
VisualStudioVersion = 15.0.26124.0
MinimumVisualStudioVersion = 15.0.26124.0
Project("{FAE04EC0-301F-11D3-BF4B-00C04F79EFBC}") = "ExProdutos.Domain", "ExProdutos.Domain\ExProdutos.Domain.csproj", "{C40C760E-4202-40E9-ADF3-8B4B8BE1B414}"
EndProject
Project("{FAE04EC0-301F-11D3-BF4B-00C04F79EFBC}") = "ExProdutos.Test", "ExProdutos.Test\ExProdutos.Test.csproj", "{CB0C6A3E-9B04-489A-8653-A6B63B97562B}"
EndProject
Global
	GlobalSection(SolutionConfigurationPlatforms) = preSolution
		Debug|Any CPU = Debug|Any CPU
		Debug|x64 = Debug|x64
		Debug|x86 = Debug|x86
		Release|Any CPU = Release|Any CPU
		Release|x64 = Release|x64
		Release|x86 = Release|x86
	EndGlobalSection
	GlobalSection(SolutionProperties) = preSolution
		HideSolutionNode = FALSE
	EndGlobalSection
	GlobalSection(ProjectConfigurationPlatforms) = postSolution
		{C40C760E-4202-40E9-ADF3-8B4B8BE1B414}.Debug|Any CPU.ActiveCfg = Debug|Any CPU
		{C40C760E-4202-40E9-ADF3-8B4B8BE1B414}.Debug|Any CPU.Build.0 = Debug|Any CPU
		{C40C760E-4202-40E9-ADF3-8B4B8BE1B414}.Debug|x64.ActiveCfg = Debug|Any CPU
		{C40C760E-4202-40E9-ADF3-8B4B8BE1B414}.Debug|x64.Build.0 = Debug|Any CPU
		{C40C760E-4202-40E9-ADF3-8B4B8BE1B414}.Debug|x86.ActiveCfg = Debug|Any CPU
		{C40C760E-4202-40E9-ADF3-8B4B8BE1B414}.Debug|x86.Build.0 = Debug|Any CPU
		{C40C760E-4202-40E9-ADF3-8B4B8BE1B414}.Release|Any CPU.ActiveCfg = Release|Any CPU
		{C40C760E-4202-40E9-ADF3-8B4B8BE1B414}.Release|Any CPU.Build.0 = Release|Any CPU
		{C40C760E-4202-40E9-ADF3-8B4B8BE1B414}.Release|x64.ActiveCfg = Release|Any CPU
		{C40C760E-4202-40E9-ADF3-8B4B8BE1B414}.Release|x64.Build.0 = Release|Any CPU
		{C40C760E-4202-40E9-ADF3-8B4B8BE1B414}.Release|x86.ActiveCfg = Release|Any CPU
		{C40C760E-4202-40E9-ADF3-8B4B8BE1B414}.Release|x86.Build.0 = Release|Any CPU
		{CB0C6A3E-9B04-489A-8653-A6B63B97562B}.Debug|Any CPU.ActiveCfg = Debug|Any CPU
		{CB0C6A3E-9B04-489A-8653-A6B63B97562B}.Debug|Any CPU.Build.0 = Debug|Any CPU
		{CB0C6A3E-9B04-489A-8653-A6B63B97562B}.Debug|x64.ActiveCfg = Debug|Any CPU
		{CB0C6A3E-9B04-489A-8653-A6B63B97562B}.Debug|x64.Build.0 = Debug|Any CPU
		{CB0C6A3E-9B04-489A-8653-A6B63B97562B}.Debug|x86.ActiveCfg = Debug|Any CPU
		{CB0C6A3E-9B04-489A-8653-A6B63B97562B}.Debug|x86.Build.0 = Debug|Any CPU
		{CB0C6A3E-9B04-489A-8653-A6B63B97562B}.Release|Any CPU.ActiveCfg = Release|Any CPU
		{CB0C6A3E-9B04-489A-8653-A6B63B97562B}.Release|Any CPU.Build.0 = Release|Any CPU
		{CB0C6A3E-9B04-489A-8653-A6B63B97562B}.Release|x64.ActiveCfg = Release|Any CPU
		{CB0C6A3E-9B04-489A-8653-A6B63B97562B}.Release|x64.Build.0 = Release|Any CPU
		{CB0C6A3E-9B04-489A-8653-A6B63B97562B}.Release|x86.ActiveCfg = Release|Any CPU
		{CB0C6A3E-9B04-489A-8653-A6B63B97562B}.Release|x86.Build.0 = Release|Any CPU
	EndGlobalSection
EndGlobal
